// !$*UTF8*$!
{
	archiveVersion = 1;
	classes = {
	};
	objectVersion = 50;
	objects = {

/* Begin PBXBuildFile section */
		F3352A1B2094AC65000D0A9B /* AbsoluteDate.framework in Frameworks */ = {isa = PBXBuildFile; fileRef = F3352A122094AC64000D0A9B /* AbsoluteDate.framework */; };
		F3352A292094AC7B000D0A9B /* AbsoluteDateTests.swift in Sources */ = {isa = PBXBuildFile; fileRef = F3A0BF9A2094181600D821E9 /* AbsoluteDateTests.swift */; };
		F3352A2A2094AC82000D0A9B /* AbsoluteDate.h in Headers */ = {isa = PBXBuildFile; fileRef = F3A0BF8F2094181600D821E9 /* AbsoluteDate.h */; settings = {ATTRIBUTES = (Public, ); }; };
		F3352A2C2094ACF6000D0A9B /* Something.swift in Sources */ = {isa = PBXBuildFile; fileRef = F3352A2B2094ACF6000D0A9B /* Something.swift */; };
		F3352A2D2094ACF6000D0A9B /* Something.swift in Sources */ = {isa = PBXBuildFile; fileRef = F3352A2B2094ACF6000D0A9B /* Something.swift */; };
		F3352A3C2094AD57000D0A9B /* AbsoluteDate.framework in Frameworks */ = {isa = PBXBuildFile; fileRef = F3352A332094AD57000D0A9B /* AbsoluteDate.framework */; };
		F3352A4A2094ADA3000D0A9B /* AbsoluteDateTests.swift in Sources */ = {isa = PBXBuildFile; fileRef = F3A0BF9A2094181600D821E9 /* AbsoluteDateTests.swift */; };
		F3352A4B2094ADA6000D0A9B /* Something.swift in Sources */ = {isa = PBXBuildFile; fileRef = F3352A2B2094ACF6000D0A9B /* Something.swift */; };
		F3352A592094AE2A000D0A9B /* AbsoluteDate.h in Headers */ = {isa = PBXBuildFile; fileRef = F3A0BF8F2094181600D821E9 /* AbsoluteDate.h */; settings = {ATTRIBUTES = (Public, ); }; };
		F3A0BF962094181600D821E9 /* AbsoluteDate.framework in Frameworks */ = {isa = PBXBuildFile; fileRef = F3A0BF8C2094181600D821E9 /* AbsoluteDate.framework */; };
		F3A0BF9B2094181600D821E9 /* AbsoluteDateTests.swift in Sources */ = {isa = PBXBuildFile; fileRef = F3A0BF9A2094181600D821E9 /* AbsoluteDateTests.swift */; };
		F3A0BF9D2094181600D821E9 /* AbsoluteDate.h in Headers */ = {isa = PBXBuildFile; fileRef = F3A0BF8F2094181600D821E9 /* AbsoluteDate.h */; settings = {ATTRIBUTES = (Public, ); }; };
/* End PBXBuildFile section */

/* Begin PBXContainerItemProxy section */
		F3352A1C2094AC65000D0A9B /* PBXContainerItemProxy */ = {
			isa = PBXContainerItemProxy;
			containerPortal = F3A0BF832094181600D821E9 /* Project object */;
			proxyType = 1;
			remoteGlobalIDString = F3352A112094AC64000D0A9B;
			remoteInfo = AbsoluteDate;
		};
		F3352A3D2094AD57000D0A9B /* PBXContainerItemProxy */ = {
			isa = PBXContainerItemProxy;
			containerPortal = F3A0BF832094181600D821E9 /* Project object */;
			proxyType = 1;
			remoteGlobalIDString = F3352A322094AD57000D0A9B;
			remoteInfo = AbsoluteDate;
		};
		F3A0BF972094181600D821E9 /* PBXContainerItemProxy */ = {
			isa = PBXContainerItemProxy;
			containerPortal = F3A0BF832094181600D821E9 /* Project object */;
			proxyType = 1;
			remoteGlobalIDString = F3A0BF8B2094181600D821E9;
			remoteInfo = AbsoluteDate;
		};
/* End PBXContainerItemProxy section */

/* Begin PBXFileReference section */
		F3352A122094AC64000D0A9B /* AbsoluteDate.framework */ = {isa = PBXFileReference; explicitFileType = wrapper.framework; includeInIndex = 0; path = AbsoluteDate.framework; sourceTree = BUILT_PRODUCTS_DIR; };
		F3352A1A2094AC65000D0A9B /* AbsoluteDateTests.xctest */ = {isa = PBXFileReference; explicitFileType = wrapper.cfbundle; includeInIndex = 0; path = AbsoluteDateTests.xctest; sourceTree = BUILT_PRODUCTS_DIR; };
		F3352A2B2094ACF6000D0A9B /* Something.swift */ = {isa = PBXFileReference; lastKnownFileType = sourcecode.swift; path = Something.swift; sourceTree = "<group>"; };
		F3352A332094AD57000D0A9B /* AbsoluteDate.framework */ = {isa = PBXFileReference; explicitFileType = wrapper.framework; includeInIndex = 0; path = AbsoluteDate.framework; sourceTree = BUILT_PRODUCTS_DIR; };
		F3352A3B2094AD57000D0A9B /* AbsoluteDateTests.xctest */ = {isa = PBXFileReference; explicitFileType = wrapper.cfbundle; includeInIndex = 0; path = AbsoluteDateTests.xctest; sourceTree = BUILT_PRODUCTS_DIR; };
		F3352A512094ADCC000D0A9B /* AbsoluteDate.framework */ = {isa = PBXFileReference; explicitFileType = wrapper.framework; includeInIndex = 0; path = AbsoluteDate.framework; sourceTree = BUILT_PRODUCTS_DIR; };
		F3A0BF8C2094181600D821E9 /* AbsoluteDate.framework */ = {isa = PBXFileReference; explicitFileType = wrapper.framework; includeInIndex = 0; path = AbsoluteDate.framework; sourceTree = BUILT_PRODUCTS_DIR; };
		F3A0BF8F2094181600D821E9 /* AbsoluteDate.h */ = {isa = PBXFileReference; lastKnownFileType = sourcecode.c.h; path = AbsoluteDate.h; sourceTree = "<group>"; };
		F3A0BF902094181600D821E9 /* Info.plist */ = {isa = PBXFileReference; lastKnownFileType = text.plist.xml; path = Info.plist; sourceTree = "<group>"; };
		F3A0BF952094181600D821E9 /* AbsoluteDateTests.xctest */ = {isa = PBXFileReference; explicitFileType = wrapper.cfbundle; includeInIndex = 0; path = AbsoluteDateTests.xctest; sourceTree = BUILT_PRODUCTS_DIR; };
		F3A0BF9A2094181600D821E9 /* AbsoluteDateTests.swift */ = {isa = PBXFileReference; lastKnownFileType = sourcecode.swift; path = AbsoluteDateTests.swift; sourceTree = "<group>"; };
		F3A0BF9C2094181600D821E9 /* Info.plist */ = {isa = PBXFileReference; lastKnownFileType = text.plist.xml; path = Info.plist; sourceTree = "<group>"; };
/* End PBXFileReference section */

/* Begin PBXFrameworksBuildPhase section */
		F3352A0E2094AC64000D0A9B /* Frameworks */ = {
			isa = PBXFrameworksBuildPhase;
			buildActionMask = 2147483647;
			files = (
			);
			runOnlyForDeploymentPostprocessing = 0;
		};
		F3352A172094AC65000D0A9B /* Frameworks */ = {
			isa = PBXFrameworksBuildPhase;
			buildActionMask = 2147483647;
			files = (
				F3352A1B2094AC65000D0A9B /* AbsoluteDate.framework in Frameworks */,
			);
			runOnlyForDeploymentPostprocessing = 0;
		};
		F3352A2F2094AD57000D0A9B /* Frameworks */ = {
			isa = PBXFrameworksBuildPhase;
			buildActionMask = 2147483647;
			files = (
			);
			runOnlyForDeploymentPostprocessing = 0;
		};
		F3352A382094AD57000D0A9B /* Frameworks */ = {
			isa = PBXFrameworksBuildPhase;
			buildActionMask = 2147483647;
			files = (
				F3352A3C2094AD57000D0A9B /* AbsoluteDate.framework in Frameworks */,
			);
			runOnlyForDeploymentPostprocessing = 0;
		};
		F3352A4D2094ADCC000D0A9B /* Frameworks */ = {
			isa = PBXFrameworksBuildPhase;
			buildActionMask = 2147483647;
			files = (
			);
			runOnlyForDeploymentPostprocessing = 0;
		};
		F3A0BF882094181600D821E9 /* Frameworks */ = {
			isa = PBXFrameworksBuildPhase;
			buildActionMask = 2147483647;
			files = (
			);
			runOnlyForDeploymentPostprocessing = 0;
		};
		F3A0BF922094181600D821E9 /* Frameworks */ = {
			isa = PBXFrameworksBuildPhase;
			buildActionMask = 2147483647;
			files = (
				F3A0BF962094181600D821E9 /* AbsoluteDate.framework in Frameworks */,
			);
			runOnlyForDeploymentPostprocessing = 0;
		};
/* End PBXFrameworksBuildPhase section */

/* Begin PBXGroup section */
		F3A0BF822094181600D821E9 = {
			isa = PBXGroup;
			children = (
				F3A0BF8E2094181600D821E9 /* AbsoluteDate */,
				F3A0BF992094181600D821E9 /* AbsoluteDateTests */,
				F3A0BF8D2094181600D821E9 /* Products */,
			);
			sourceTree = "<group>";
		};
		F3A0BF8D2094181600D821E9 /* Products */ = {
			isa = PBXGroup;
			children = (
				F3A0BF8C2094181600D821E9 /* AbsoluteDate.framework */,
				F3A0BF952094181600D821E9 /* AbsoluteDateTests.xctest */,
				F3352A122094AC64000D0A9B /* AbsoluteDate.framework */,
				F3352A1A2094AC65000D0A9B /* AbsoluteDateTests.xctest */,
				F3352A332094AD57000D0A9B /* AbsoluteDate.framework */,
				F3352A3B2094AD57000D0A9B /* AbsoluteDateTests.xctest */,
				F3352A512094ADCC000D0A9B /* AbsoluteDate.framework */,
			);
			name = Products;
			sourceTree = "<group>";
		};
		F3A0BF8E2094181600D821E9 /* AbsoluteDate */ = {
			isa = PBXGroup;
			children = (
				F3A0BF8F2094181600D821E9 /* AbsoluteDate.h */,
				F3A0BF902094181600D821E9 /* Info.plist */,
				F3352A2B2094ACF6000D0A9B /* Something.swift */,
			);
			path = AbsoluteDate;
			sourceTree = "<group>";
		};
		F3A0BF992094181600D821E9 /* AbsoluteDateTests */ = {
			isa = PBXGroup;
			children = (
				F3A0BF9A2094181600D821E9 /* AbsoluteDateTests.swift */,
				F3A0BF9C2094181600D821E9 /* Info.plist */,
			);
			path = AbsoluteDateTests;
			sourceTree = "<group>";
		};
/* End PBXGroup section */

/* Begin PBXHeadersBuildPhase section */
		F3352A0F2094AC64000D0A9B /* Headers */ = {
			isa = PBXHeadersBuildPhase;
			buildActionMask = 2147483647;
			files = (
				F3352A2A2094AC82000D0A9B /* AbsoluteDate.h in Headers */,
			);
			runOnlyForDeploymentPostprocessing = 0;
		};
		F3352A302094AD57000D0A9B /* Headers */ = {
			isa = PBXHeadersBuildPhase;
			buildActionMask = 2147483647;
			files = (
				F3352A592094AE2A000D0A9B /* AbsoluteDate.h in Headers */,
			);
			runOnlyForDeploymentPostprocessing = 0;
		};
		F3352A4E2094ADCC000D0A9B /* Headers */ = {
			isa = PBXHeadersBuildPhase;
			buildActionMask = 2147483647;
			files = (
			);
			runOnlyForDeploymentPostprocessing = 0;
		};
		F3A0BF892094181600D821E9 /* Headers */ = {
			isa = PBXHeadersBuildPhase;
			buildActionMask = 2147483647;
			files = (
				F3A0BF9D2094181600D821E9 /* AbsoluteDate.h in Headers */,
			);
			runOnlyForDeploymentPostprocessing = 0;
		};
/* End PBXHeadersBuildPhase section */

/* Begin PBXNativeTarget section */
		F3352A112094AC64000D0A9B /* AbsoluteDate macOS */ = {
			isa = PBXNativeTarget;
			buildConfigurationList = F3352A232094AC65000D0A9B /* Build configuration list for PBXNativeTarget "AbsoluteDate macOS" */;
			buildPhases = (
				F3352A0D2094AC64000D0A9B /* Sources */,
				F3352A0E2094AC64000D0A9B /* Frameworks */,
				F3352A0F2094AC64000D0A9B /* Headers */,
				F3352A102094AC64000D0A9B /* Resources */,
			);
			buildRules = (
			);
			dependencies = (
			);
			name = "AbsoluteDate macOS";
			productName = AbsoluteDate;
			productReference = F3352A122094AC64000D0A9B /* AbsoluteDate.framework */;
			productType = "com.apple.product-type.framework";
		};
		F3352A192094AC65000D0A9B /* AbsoluteDateTests macOS */ = {
			isa = PBXNativeTarget;
			buildConfigurationList = F3352A262094AC65000D0A9B /* Build configuration list for PBXNativeTarget "AbsoluteDateTests macOS" */;
			buildPhases = (
				F3352A162094AC65000D0A9B /* Sources */,
				F3352A172094AC65000D0A9B /* Frameworks */,
				F3352A182094AC65000D0A9B /* Resources */,
			);
			buildRules = (
			);
			dependencies = (
				F3352A1D2094AC65000D0A9B /* PBXTargetDependency */,
			);
			name = "AbsoluteDateTests macOS";
			productName = AbsoluteDateTests;
			productReference = F3352A1A2094AC65000D0A9B /* AbsoluteDateTests.xctest */;
			productType = "com.apple.product-type.bundle.unit-test";
		};
		F3352A322094AD57000D0A9B /* AbsoluteDate tvOS */ = {
			isa = PBXNativeTarget;
			buildConfigurationList = F3352A442094AD57000D0A9B /* Build configuration list for PBXNativeTarget "AbsoluteDate tvOS" */;
			buildPhases = (
				F3352A2E2094AD57000D0A9B /* Sources */,
				F3352A2F2094AD57000D0A9B /* Frameworks */,
				F3352A302094AD57000D0A9B /* Headers */,
				F3352A312094AD57000D0A9B /* Resources */,
			);
			buildRules = (
			);
			dependencies = (
			);
			name = "AbsoluteDate tvOS";
			productName = AbsoluteDate;
			productReference = F3352A332094AD57000D0A9B /* AbsoluteDate.framework */;
			productType = "com.apple.product-type.framework";
		};
		F3352A3A2094AD57000D0A9B /* AbsoluteDateTests tvOS */ = {
			isa = PBXNativeTarget;
			buildConfigurationList = F3352A472094AD57000D0A9B /* Build configuration list for PBXNativeTarget "AbsoluteDateTests tvOS" */;
			buildPhases = (
				F3352A372094AD57000D0A9B /* Sources */,
				F3352A382094AD57000D0A9B /* Frameworks */,
				F3352A392094AD57000D0A9B /* Resources */,
			);
			buildRules = (
			);
			dependencies = (
				F3352A3E2094AD57000D0A9B /* PBXTargetDependency */,
			);
			name = "AbsoluteDateTests tvOS";
			productName = AbsoluteDateTests;
			productReference = F3352A3B2094AD57000D0A9B /* AbsoluteDateTests.xctest */;
			productType = "com.apple.product-type.bundle.unit-test";
		};
		F3352A502094ADCC000D0A9B /* AbsoluteDate watchOS */ = {
			isa = PBXNativeTarget;
			buildConfigurationList = F3352A562094ADCC000D0A9B /* Build configuration list for PBXNativeTarget "AbsoluteDate watchOS" */;
			buildPhases = (
				F3352A4C2094ADCC000D0A9B /* Sources */,
				F3352A4D2094ADCC000D0A9B /* Frameworks */,
				F3352A4E2094ADCC000D0A9B /* Headers */,
				F3352A4F2094ADCC000D0A9B /* Resources */,
			);
			buildRules = (
			);
			dependencies = (
			);
			name = "AbsoluteDate watchOS";
			productName = AbsoluteDate;
			productReference = F3352A512094ADCC000D0A9B /* AbsoluteDate.framework */;
			productType = "com.apple.product-type.framework";
		};
		F3A0BF8B2094181600D821E9 /* AbsoluteDate iOS */ = {
			isa = PBXNativeTarget;
			buildConfigurationList = F3A0BFA02094181600D821E9 /* Build configuration list for PBXNativeTarget "AbsoluteDate iOS" */;
			buildPhases = (
				F3A0BF872094181600D821E9 /* Sources */,
				F3A0BF882094181600D821E9 /* Frameworks */,
				F3A0BF892094181600D821E9 /* Headers */,
				F3A0BF8A2094181600D821E9 /* Resources */,
			);
			buildRules = (
			);
			dependencies = (
			);
			name = "AbsoluteDate iOS";
			productName = AbsoluteDate;
			productReference = F3A0BF8C2094181600D821E9 /* AbsoluteDate.framework */;
			productType = "com.apple.product-type.framework";
		};
		F3A0BF942094181600D821E9 /* AbsoluteDateTests iOS */ = {
			isa = PBXNativeTarget;
			buildConfigurationList = F3A0BFA32094181600D821E9 /* Build configuration list for PBXNativeTarget "AbsoluteDateTests iOS" */;
			buildPhases = (
				F3A0BF912094181600D821E9 /* Sources */,
				F3A0BF922094181600D821E9 /* Frameworks */,
				F3A0BF932094181600D821E9 /* Resources */,
			);
			buildRules = (
			);
			dependencies = (
				F3A0BF982094181600D821E9 /* PBXTargetDependency */,
			);
			name = "AbsoluteDateTests iOS";
			productName = AbsoluteDateTests;
			productReference = F3A0BF952094181600D821E9 /* AbsoluteDateTests.xctest */;
			productType = "com.apple.product-type.bundle.unit-test";
		};
/* End PBXNativeTarget section */

/* Begin PBXProject section */
		F3A0BF832094181600D821E9 /* Project object */ = {
			isa = PBXProject;
			attributes = {
				LastSwiftUpdateCheck = 0930;
				LastUpgradeCheck = 0930;
				ORGANIZATIONNAME = "Gregory Higley";
				TargetAttributes = {
					F3352A112094AC64000D0A9B = {
						CreatedOnToolsVersion = 9.3;
						LastSwiftMigration = 0930;
					};
					F3352A192094AC65000D0A9B = {
						CreatedOnToolsVersion = 9.3;
					};
					F3352A322094AD57000D0A9B = {
						CreatedOnToolsVersion = 9.3;
					};
					F3352A3A2094AD57000D0A9B = {
						CreatedOnToolsVersion = 9.3;
					};
					F3352A502094ADCC000D0A9B = {
						CreatedOnToolsVersion = 9.3;
					};
					F3A0BF8B2094181600D821E9 = {
						CreatedOnToolsVersion = 9.3;
						LastSwiftMigration = 0930;
					};
					F3A0BF942094181600D821E9 = {
						CreatedOnToolsVersion = 9.3;
					};
				};
			};
			buildConfigurationList = F3A0BF862094181600D821E9 /* Build configuration list for PBXProject "AbsoluteDate" */;
			compatibilityVersion = "Xcode 9.3";
			developmentRegion = en;
			hasScannedForEncodings = 0;
			knownRegions = (
				en,
			);
			mainGroup = F3A0BF822094181600D821E9;
			productRefGroup = F3A0BF8D2094181600D821E9 /* Products */;
			projectDirPath = "";
			projectRoot = "";
			targets = (
				F3A0BF8B2094181600D821E9 /* AbsoluteDate iOS */,
				F3A0BF942094181600D821E9 /* AbsoluteDateTests iOS */,
				F3352A112094AC64000D0A9B /* AbsoluteDate macOS */,
				F3352A192094AC65000D0A9B /* AbsoluteDateTests macOS */,
				F3352A322094AD57000D0A9B /* AbsoluteDate tvOS */,
				F3352A3A2094AD57000D0A9B /* AbsoluteDateTests tvOS */,
				F3352A502094ADCC000D0A9B /* AbsoluteDate watchOS */,
			);
		};
/* End PBXProject section */

/* Begin PBXResourcesBuildPhase section */
		F3352A102094AC64000D0A9B /* Resources */ = {
			isa = PBXResourcesBuildPhase;
			buildActionMask = 2147483647;
			files = (
			);
			runOnlyForDeploymentPostprocessing = 0;
		};
		F3352A182094AC65000D0A9B /* Resources */ = {
			isa = PBXResourcesBuildPhase;
			buildActionMask = 2147483647;
			files = (
			);
			runOnlyForDeploymentPostprocessing = 0;
		};
		F3352A312094AD57000D0A9B /* Resources */ = {
			isa = PBXResourcesBuildPhase;
			buildActionMask = 2147483647;
			files = (
			);
			runOnlyForDeploymentPostprocessing = 0;
		};
		F3352A392094AD57000D0A9B /* Resources */ = {
			isa = PBXResourcesBuildPhase;
			buildActionMask = 2147483647;
			files = (
			);
			runOnlyForDeploymentPostprocessing = 0;
		};
		F3352A4F2094ADCC000D0A9B /* Resources */ = {
			isa = PBXResourcesBuildPhase;
			buildActionMask = 2147483647;
			files = (
			);
			runOnlyForDeploymentPostprocessing = 0;
		};
		F3A0BF8A2094181600D821E9 /* Resources */ = {
			isa = PBXResourcesBuildPhase;
			buildActionMask = 2147483647;
			files = (
			);
			runOnlyForDeploymentPostprocessing = 0;
		};
		F3A0BF932094181600D821E9 /* Resources */ = {
			isa = PBXResourcesBuildPhase;
			buildActionMask = 2147483647;
			files = (
			);
			runOnlyForDeploymentPostprocessing = 0;
		};
/* End PBXResourcesBuildPhase section */

/* Begin PBXSourcesBuildPhase section */
		F3352A0D2094AC64000D0A9B /* Sources */ = {
			isa = PBXSourcesBuildPhase;
			buildActionMask = 2147483647;
			files = (
				F3352A2D2094ACF6000D0A9B /* Something.swift in Sources */,
			);
			runOnlyForDeploymentPostprocessing = 0;
		};
		F3352A162094AC65000D0A9B /* Sources */ = {
			isa = PBXSourcesBuildPhase;
			buildActionMask = 2147483647;
			files = (
				F3352A292094AC7B000D0A9B /* AbsoluteDateTests.swift in Sources */,
			);
			runOnlyForDeploymentPostprocessing = 0;
		};
		F3352A2E2094AD57000D0A9B /* Sources */ = {
			isa = PBXSourcesBuildPhase;
			buildActionMask = 2147483647;
			files = (
				F3352A4B2094ADA6000D0A9B /* Something.swift in Sources */,
			);
			runOnlyForDeploymentPostprocessing = 0;
		};
		F3352A372094AD57000D0A9B /* Sources */ = {
			isa = PBXSourcesBuildPhase;
			buildActionMask = 2147483647;
			files = (
				F3352A4A2094ADA3000D0A9B /* AbsoluteDateTests.swift in Sources */,
			);
			runOnlyForDeploymentPostprocessing = 0;
		};
		F3352A4C2094ADCC000D0A9B /* Sources */ = {
			isa = PBXSourcesBuildPhase;
			buildActionMask = 2147483647;
			files = (
			);
			runOnlyForDeploymentPostprocessing = 0;
		};
		F3A0BF872094181600D821E9 /* Sources */ = {
			isa = PBXSourcesBuildPhase;
			buildActionMask = 2147483647;
			files = (
				F3352A2C2094ACF6000D0A9B /* Something.swift in Sources */,
			);
			runOnlyForDeploymentPostprocessing = 0;
		};
		F3A0BF912094181600D821E9 /* Sources */ = {
			isa = PBXSourcesBuildPhase;
			buildActionMask = 2147483647;
			files = (
				F3A0BF9B2094181600D821E9 /* AbsoluteDateTests.swift in Sources */,
			);
			runOnlyForDeploymentPostprocessing = 0;
		};
/* End PBXSourcesBuildPhase section */

/* Begin PBXTargetDependency section */
		F3352A1D2094AC65000D0A9B /* PBXTargetDependency */ = {
			isa = PBXTargetDependency;
			target = F3352A112094AC64000D0A9B /* AbsoluteDate macOS */;
			targetProxy = F3352A1C2094AC65000D0A9B /* PBXContainerItemProxy */;
		};
		F3352A3E2094AD57000D0A9B /* PBXTargetDependency */ = {
			isa = PBXTargetDependency;
			target = F3352A322094AD57000D0A9B /* AbsoluteDate tvOS */;
			targetProxy = F3352A3D2094AD57000D0A9B /* PBXContainerItemProxy */;
		};
		F3A0BF982094181600D821E9 /* PBXTargetDependency */ = {
			isa = PBXTargetDependency;
			target = F3A0BF8B2094181600D821E9 /* AbsoluteDate iOS */;
			targetProxy = F3A0BF972094181600D821E9 /* PBXContainerItemProxy */;
		};
/* End PBXTargetDependency section */

/* Begin XCBuildConfiguration section */
		F3352A242094AC65000D0A9B /* Debug */ = {
			isa = XCBuildConfiguration;
			buildSettings = {
				CLANG_ENABLE_MODULES = YES;
				CODE_SIGN_IDENTITY = "-";
				CODE_SIGN_STYLE = Automatic;
				COMBINE_HIDPI_IMAGES = YES;
				DEFINES_MODULE = YES;
				DYLIB_COMPATIBILITY_VERSION = 1;
				DYLIB_CURRENT_VERSION = 1;
				DYLIB_INSTALL_NAME_BASE = "@rpath";
				FRAMEWORK_VERSION = A;
				INFOPLIST_FILE = AbsoluteDate/Info.plist;
				INSTALL_PATH = "$(LOCAL_LIBRARY_DIR)/Frameworks";
				LD_RUNPATH_SEARCH_PATHS = (
					"$(inherited)",
					"@executable_path/../Frameworks",
					"@loader_path/Frameworks",
				);
				MACOSX_DEPLOYMENT_TARGET = 10.13;
				PRODUCT_BUNDLE_IDENTIFIER = com.prosumma.AbsoluteDate;
				PRODUCT_NAME = AbsoluteDate;
				SDKROOT = macosx;
				SKIP_INSTALL = YES;
				SWIFT_OPTIMIZATION_LEVEL = "-Onone";
				SWIFT_VERSION = 4.0;
			};
			name = Debug;
		};
		F3352A252094AC65000D0A9B /* Release */ = {
			isa = XCBuildConfiguration;
			buildSettings = {
				CLANG_ENABLE_MODULES = YES;
				CODE_SIGN_IDENTITY = "-";
				CODE_SIGN_STYLE = Automatic;
				COMBINE_HIDPI_IMAGES = YES;
				DEFINES_MODULE = YES;
				DYLIB_COMPATIBILITY_VERSION = 1;
				DYLIB_CURRENT_VERSION = 1;
				DYLIB_INSTALL_NAME_BASE = "@rpath";
				FRAMEWORK_VERSION = A;
				INFOPLIST_FILE = AbsoluteDate/Info.plist;
				INSTALL_PATH = "$(LOCAL_LIBRARY_DIR)/Frameworks";
				LD_RUNPATH_SEARCH_PATHS = (
					"$(inherited)",
					"@executable_path/../Frameworks",
					"@loader_path/Frameworks",
				);
				MACOSX_DEPLOYMENT_TARGET = 10.13;
				PRODUCT_BUNDLE_IDENTIFIER = com.prosumma.AbsoluteDate;
				PRODUCT_NAME = AbsoluteDate;
				SDKROOT = macosx;
				SKIP_INSTALL = YES;
				SWIFT_VERSION = 4.0;
			};
			name = Release;
		};
		F3352A272094AC65000D0A9B /* Debug */ = {
			isa = XCBuildConfiguration;
			buildSettings = {
				ALWAYS_EMBED_SWIFT_STANDARD_LIBRARIES = YES;
				CODE_SIGN_IDENTITY = "-";
				CODE_SIGN_STYLE = Automatic;
				COMBINE_HIDPI_IMAGES = YES;
				INFOPLIST_FILE = AbsoluteDateTests/Info.plist;
				LD_RUNPATH_SEARCH_PATHS = (
					"$(inherited)",
					"@executable_path/../Frameworks",
					"@loader_path/../Frameworks",
				);
				MACOSX_DEPLOYMENT_TARGET = 10.13;
				PRODUCT_BUNDLE_IDENTIFIER = com.prosumma.AbsoluteDateTests;
				PRODUCT_NAME = AbsoluteDateTests;
				SDKROOT = macosx;
				SWIFT_VERSION = 4.0;
			};
			name = Debug;
		};
		F3352A282094AC65000D0A9B /* Release */ = {
			isa = XCBuildConfiguration;
			buildSettings = {
				ALWAYS_EMBED_SWIFT_STANDARD_LIBRARIES = YES;
				CODE_SIGN_IDENTITY = "-";
				CODE_SIGN_STYLE = Automatic;
				COMBINE_HIDPI_IMAGES = YES;
				INFOPLIST_FILE = AbsoluteDateTests/Info.plist;
				LD_RUNPATH_SEARCH_PATHS = (
					"$(inherited)",
					"@executable_path/../Frameworks",
					"@loader_path/../Frameworks",
				);
				MACOSX_DEPLOYMENT_TARGET = 10.13;
				PRODUCT_BUNDLE_IDENTIFIER = com.prosumma.AbsoluteDateTests;
				PRODUCT_NAME = AbsoluteDateTests;
				SDKROOT = macosx;
				SWIFT_VERSION = 4.0;
			};
			name = Release;
		};
		F3352A452094AD57000D0A9B /* Debug */ = {
			isa = XCBuildConfiguration;
			buildSettings = {
				CODE_SIGN_IDENTITY = "";
				CODE_SIGN_STYLE = Automatic;
				DEFINES_MODULE = YES;
				DYLIB_COMPATIBILITY_VERSION = 1;
				DYLIB_CURRENT_VERSION = 1;
				DYLIB_INSTALL_NAME_BASE = "@rpath";
				INFOPLIST_FILE = AbsoluteDate/Info.plist;
				INSTALL_PATH = "$(LOCAL_LIBRARY_DIR)/Frameworks";
				LD_RUNPATH_SEARCH_PATHS = (
					"$(inherited)",
					"@executable_path/Frameworks",
					"@loader_path/Frameworks",
				);
				PRODUCT_BUNDLE_IDENTIFIER = com.prosumma.AbsoluteDate;
				PRODUCT_NAME = AbsoluteDate;
				SDKROOT = appletvos;
				SKIP_INSTALL = YES;
				SWIFT_VERSION = 4.0;
				TARGETED_DEVICE_FAMILY = 3;
				TVOS_DEPLOYMENT_TARGET = 11.3;
			};
			name = Debug;
		};
		F3352A462094AD57000D0A9B /* Release */ = {
			isa = XCBuildConfiguration;
			buildSettings = {
				CODE_SIGN_IDENTITY = "";
				CODE_SIGN_STYLE = Automatic;
				DEFINES_MODULE = YES;
				DYLIB_COMPATIBILITY_VERSION = 1;
				DYLIB_CURRENT_VERSION = 1;
				DYLIB_INSTALL_NAME_BASE = "@rpath";
				INFOPLIST_FILE = AbsoluteDate/Info.plist;
				INSTALL_PATH = "$(LOCAL_LIBRARY_DIR)/Frameworks";
				LD_RUNPATH_SEARCH_PATHS = (
					"$(inherited)",
					"@executable_path/Frameworks",
					"@loader_path/Frameworks",
				);
				PRODUCT_BUNDLE_IDENTIFIER = com.prosumma.AbsoluteDate;
				PRODUCT_NAME = AbsoluteDate;
				SDKROOT = appletvos;
				SKIP_INSTALL = YES;
				SWIFT_VERSION = 4.0;
				TARGETED_DEVICE_FAMILY = 3;
				TVOS_DEPLOYMENT_TARGET = 11.3;
			};
			name = Release;
		};
		F3352A482094AD57000D0A9B /* Debug */ = {
			isa = XCBuildConfiguration;
			buildSettings = {
				ALWAYS_EMBED_SWIFT_STANDARD_LIBRARIES = YES;
				CODE_SIGN_STYLE = Automatic;
				INFOPLIST_FILE = AbsoluteDateTests/Info.plist;
				LD_RUNPATH_SEARCH_PATHS = (
					"$(inherited)",
					"@executable_path/Frameworks",
					"@loader_path/Frameworks",
				);
				PRODUCT_BUNDLE_IDENTIFIER = com.prosumma.AbsoluteDateTests;
				PRODUCT_NAME = AbsoluteDateTests;
				SDKROOT = appletvos;
				SWIFT_VERSION = 4.0;
				TARGETED_DEVICE_FAMILY = 3;
				TVOS_DEPLOYMENT_TARGET = 11.3;
			};
			name = Debug;
		};
		F3352A492094AD57000D0A9B /* Release */ = {
			isa = XCBuildConfiguration;
			buildSettings = {
				ALWAYS_EMBED_SWIFT_STANDARD_LIBRARIES = YES;
				CODE_SIGN_STYLE = Automatic;
				INFOPLIST_FILE = AbsoluteDateTests/Info.plist;
				LD_RUNPATH_SEARCH_PATHS = (
					"$(inherited)",
					"@executable_path/Frameworks",
					"@loader_path/Frameworks",
				);
				PRODUCT_BUNDLE_IDENTIFIER = com.prosumma.AbsoluteDateTests;
				PRODUCT_NAME = AbsoluteDateTests;
				SDKROOT = appletvos;
				SWIFT_VERSION = 4.0;
				TARGETED_DEVICE_FAMILY = 3;
				TVOS_DEPLOYMENT_TARGET = 11.3;
			};
			name = Release;
		};
		F3352A572094ADCC000D0A9B /* Debug */ = {
			isa = XCBuildConfiguration;
			buildSettings = {
				APPLICATION_EXTENSION_API_ONLY = YES;
				CODE_SIGN_IDENTITY = "";
				CODE_SIGN_STYLE = Automatic;
				DEFINES_MODULE = YES;
				DYLIB_COMPATIBILITY_VERSION = 1;
				DYLIB_CURRENT_VERSION = 1;
				DYLIB_INSTALL_NAME_BASE = "@rpath";
				INFOPLIST_FILE = AbsoluteDate/Info.plist;
				INSTALL_PATH = "$(LOCAL_LIBRARY_DIR)/Frameworks";
				LD_RUNPATH_SEARCH_PATHS = (
					"$(inherited)",
					"@executable_path/Frameworks",
					"@loader_path/Frameworks",
				);
				PRODUCT_BUNDLE_IDENTIFIER = com.prosumma.AbsoluteDate;
				PRODUCT_NAME = AbsoluteDate;
				SDKROOT = watchos;
				SKIP_INSTALL = YES;
				SWIFT_VERSION = 4.0;
				TARGETED_DEVICE_FAMILY = 4;
				WATCHOS_DEPLOYMENT_TARGET = 4.3;
			};
			name = Debug;
		};
		F3352A582094ADCC000D0A9B /* Release */ = {
			isa = XCBuildConfiguration;
			buildSettings = {
				APPLICATION_EXTENSION_API_ONLY = YES;
				CODE_SIGN_IDENTITY = "";
				CODE_SIGN_STYLE = Automatic;
				DEFINES_MODULE = YES;
				DYLIB_COMPATIBILITY_VERSION = 1;
				DYLIB_CURRENT_VERSION = 1;
				DYLIB_INSTALL_NAME_BASE = "@rpath";
				INFOPLIST_FILE = AbsoluteDate/Info.plist;
				INSTALL_PATH = "$(LOCAL_LIBRARY_DIR)/Frameworks";
				LD_RUNPATH_SEARCH_PATHS = (
					"$(inherited)",
					"@executable_path/Frameworks",
					"@loader_path/Frameworks",
				);
				PRODUCT_BUNDLE_IDENTIFIER = com.prosumma.AbsoluteDate;
				PRODUCT_NAME = AbsoluteDate;
				SDKROOT = watchos;
				SKIP_INSTALL = YES;
				SWIFT_VERSION = 4.0;
				TARGETED_DEVICE_FAMILY = 4;
				WATCHOS_DEPLOYMENT_TARGET = 4.3;
			};
			name = Release;
		};
		F3A0BF9E2094181600D821E9 /* Debug */ = {
			isa = XCBuildConfiguration;
			buildSettings = {
				ALWAYS_SEARCH_USER_PATHS = NO;
				CLANG_ANALYZER_NONNULL = YES;
				CLANG_ANALYZER_NUMBER_OBJECT_CONVERSION = YES_AGGRESSIVE;
				CLANG_CXX_LANGUAGE_STANDARD = "gnu++14";
				CLANG_CXX_LIBRARY = "libc++";
				CLANG_ENABLE_MODULES = YES;
				CLANG_ENABLE_OBJC_ARC = YES;
				CLANG_ENABLE_OBJC_WEAK = YES;
				CLANG_WARN_BLOCK_CAPTURE_AUTORELEASING = YES;
				CLANG_WARN_BOOL_CONVERSION = YES;
				CLANG_WARN_COMMA = YES;
				CLANG_WARN_CONSTANT_CONVERSION = YES;
				CLANG_WARN_DEPRECATED_OBJC_IMPLEMENTATIONS = YES;
				CLANG_WARN_DIRECT_OBJC_ISA_USAGE = YES_ERROR;
				CLANG_WARN_DOCUMENTATION_COMMENTS = YES;
				CLANG_WARN_EMPTY_BODY = YES;
				CLANG_WARN_ENUM_CONVERSION = YES;
				CLANG_WARN_INFINITE_RECURSION = YES;
				CLANG_WARN_INT_CONVERSION = YES;
				CLANG_WARN_NON_LITERAL_NULL_CONVERSION = YES;
				CLANG_WARN_OBJC_IMPLICIT_RETAIN_SELF = YES;
				CLANG_WARN_OBJC_LITERAL_CONVERSION = YES;
				CLANG_WARN_OBJC_ROOT_CLASS = YES_ERROR;
				CLANG_WARN_RANGE_LOOP_ANALYSIS = YES;
				CLANG_WARN_STRICT_PROTOTYPES = YES;
				CLANG_WARN_SUSPICIOUS_MOVE = YES;
				CLANG_WARN_UNGUARDED_AVAILABILITY = YES_AGGRESSIVE;
				CLANG_WARN_UNREACHABLE_CODE = YES;
				CLANG_WARN__DUPLICATE_METHOD_MATCH = YES;
				CODE_SIGN_IDENTITY = "iPhone Developer";
				COPY_PHASE_STRIP = NO;
				CURRENT_PROJECT_VERSION = 1;
				DEBUG_INFORMATION_FORMAT = dwarf;
				ENABLE_STRICT_OBJC_MSGSEND = YES;
				ENABLE_TESTABILITY = YES;
				GCC_C_LANGUAGE_STANDARD = gnu11;
				GCC_DYNAMIC_NO_PIC = NO;
				GCC_NO_COMMON_BLOCKS = YES;
				GCC_OPTIMIZATION_LEVEL = 0;
				GCC_PREPROCESSOR_DEFINITIONS = (
					"DEBUG=1",
					"$(inherited)",
				);
				GCC_WARN_64_TO_32_BIT_CONVERSION = YES;
				GCC_WARN_ABOUT_RETURN_TYPE = YES_ERROR;
				GCC_WARN_UNDECLARED_SELECTOR = YES;
				GCC_WARN_UNINITIALIZED_AUTOS = YES_AGGRESSIVE;
				GCC_WARN_UNUSED_FUNCTION = YES;
				GCC_WARN_UNUSED_VARIABLE = YES;
				IPHONEOS_DEPLOYMENT_TARGET = 11.3;
				MTL_ENABLE_DEBUG_INFO = YES;
				ONLY_ACTIVE_ARCH = YES;
				SDKROOT = iphoneos;
				SWIFT_ACTIVE_COMPILATION_CONDITIONS = DEBUG;
				SWIFT_OPTIMIZATION_LEVEL = "-Onone";
				VERSIONING_SYSTEM = "apple-generic";
				VERSION_INFO_PREFIX = "";
			};
			name = Debug;
		};
		F3A0BF9F2094181600D821E9 /* Release */ = {
			isa = XCBuildConfiguration;
			buildSettings = {
				ALWAYS_SEARCH_USER_PATHS = NO;
				CLANG_ANALYZER_NONNULL = YES;
				CLANG_ANALYZER_NUMBER_OBJECT_CONVERSION = YES_AGGRESSIVE;
				CLANG_CXX_LANGUAGE_STANDARD = "gnu++14";
				CLANG_CXX_LIBRARY = "libc++";
				CLANG_ENABLE_MODULES = YES;
				CLANG_ENABLE_OBJC_ARC = YES;
				CLANG_ENABLE_OBJC_WEAK = YES;
				CLANG_WARN_BLOCK_CAPTURE_AUTORELEASING = YES;
				CLANG_WARN_BOOL_CONVERSION = YES;
				CLANG_WARN_COMMA = YES;
				CLANG_WARN_CONSTANT_CONVERSION = YES;
				CLANG_WARN_DEPRECATED_OBJC_IMPLEMENTATIONS = YES;
				CLANG_WARN_DIRECT_OBJC_ISA_USAGE = YES_ERROR;
				CLANG_WARN_DOCUMENTATION_COMMENTS = YES;
				CLANG_WARN_EMPTY_BODY = YES;
				CLANG_WARN_ENUM_CONVERSION = YES;
				CLANG_WARN_INFINITE_RECURSION = YES;
				CLANG_WARN_INT_CONVERSION = YES;
				CLANG_WARN_NON_LITERAL_NULL_CONVERSION = YES;
				CLANG_WARN_OBJC_IMPLICIT_RETAIN_SELF = YES;
				CLANG_WARN_OBJC_LITERAL_CONVERSION = YES;
				CLANG_WARN_OBJC_ROOT_CLASS = YES_ERROR;
				CLANG_WARN_RANGE_LOOP_ANALYSIS = YES;
				CLANG_WARN_STRICT_PROTOTYPES = YES;
				CLANG_WARN_SUSPICIOUS_MOVE = YES;
				CLANG_WARN_UNGUARDED_AVAILABILITY = YES_AGGRESSIVE;
				CLANG_WARN_UNREACHABLE_CODE = YES;
				CLANG_WARN__DUPLICATE_METHOD_MATCH = YES;
				CODE_SIGN_IDENTITY = "iPhone Developer";
				COPY_PHASE_STRIP = NO;
				CURRENT_PROJECT_VERSION = 1;
				DEBUG_INFORMATION_FORMAT = "dwarf-with-dsym";
				ENABLE_NS_ASSERTIONS = NO;
				ENABLE_STRICT_OBJC_MSGSEND = YES;
				GCC_C_LANGUAGE_STANDARD = gnu11;
				GCC_NO_COMMON_BLOCKS = YES;
				GCC_WARN_64_TO_32_BIT_CONVERSION = YES;
				GCC_WARN_ABOUT_RETURN_TYPE = YES_ERROR;
				GCC_WARN_UNDECLARED_SELECTOR = YES;
				GCC_WARN_UNINITIALIZED_AUTOS = YES_AGGRESSIVE;
				GCC_WARN_UNUSED_FUNCTION = YES;
				GCC_WARN_UNUSED_VARIABLE = YES;
				IPHONEOS_DEPLOYMENT_TARGET = 11.3;
				MTL_ENABLE_DEBUG_INFO = NO;
				SDKROOT = iphoneos;
				SWIFT_COMPILATION_MODE = wholemodule;
				SWIFT_OPTIMIZATION_LEVEL = "-O";
				VALIDATE_PRODUCT = YES;
				VERSIONING_SYSTEM = "apple-generic";
				VERSION_INFO_PREFIX = "";
			};
			name = Release;
		};
		F3A0BFA12094181600D821E9 /* Debug */ = {
			isa = XCBuildConfiguration;
			buildSettings = {
				CLANG_ENABLE_MODULES = YES;
				CODE_SIGN_IDENTITY = "";
				CODE_SIGN_STYLE = Automatic;
				DEFINES_MODULE = YES;
				DYLIB_COMPATIBILITY_VERSION = 1;
				DYLIB_CURRENT_VERSION = 1;
				DYLIB_INSTALL_NAME_BASE = "@rpath";
				INFOPLIST_FILE = AbsoluteDate/Info.plist;
				INSTALL_PATH = "$(LOCAL_LIBRARY_DIR)/Frameworks";
				LD_RUNPATH_SEARCH_PATHS = (
					"$(inherited)",
					"@executable_path/Frameworks",
					"@loader_path/Frameworks",
				);
				PRODUCT_BUNDLE_IDENTIFIER = com.prosumma.AbsoluteDate;
				PRODUCT_NAME = AbsoluteDate;
				SKIP_INSTALL = YES;
				SWIFT_OPTIMIZATION_LEVEL = "-Onone";
				SWIFT_VERSION = 4.0;
				TARGETED_DEVICE_FAMILY = "1,2";
			};
			name = Debug;
		};
		F3A0BFA22094181600D821E9 /* Release */ = {
			isa = XCBuildConfiguration;
			buildSettings = {
				CLANG_ENABLE_MODULES = YES;
				CODE_SIGN_IDENTITY = "";
				CODE_SIGN_STYLE = Automatic;
				DEFINES_MODULE = YES;
				DYLIB_COMPATIBILITY_VERSION = 1;
				DYLIB_CURRENT_VERSION = 1;
				DYLIB_INSTALL_NAME_BASE = "@rpath";
				INFOPLIST_FILE = AbsoluteDate/Info.plist;
				INSTALL_PATH = "$(LOCAL_LIBRARY_DIR)/Frameworks";
				LD_RUNPATH_SEARCH_PATHS = (
					"$(inherited)",
					"@executable_path/Frameworks",
					"@loader_path/Frameworks",
				);
				PRODUCT_BUNDLE_IDENTIFIER = com.prosumma.AbsoluteDate;
				PRODUCT_NAME = AbsoluteDate;
				SKIP_INSTALL = YES;
				SWIFT_VERSION = 4.0;
				TARGETED_DEVICE_FAMILY = "1,2";
			};
			name = Release;
		};
		F3A0BFA42094181600D821E9 /* Debug */ = {
			isa = XCBuildConfiguration;
			buildSettings = {
				ALWAYS_EMBED_SWIFT_STANDARD_LIBRARIES = YES;
				CODE_SIGN_STYLE = Automatic;
				INFOPLIST_FILE = AbsoluteDateTests/Info.plist;
				LD_RUNPATH_SEARCH_PATHS = (
					"$(inherited)",
					"@executable_path/Frameworks",
					"@loader_path/Frameworks",
				);
				PRODUCT_BUNDLE_IDENTIFIER = com.prosumma.AbsoluteDateTests;
				PRODUCT_NAME = AbsoluteDateTests;
				SWIFT_VERSION = 4.0;
				TARGETED_DEVICE_FAMILY = "1,2";
			};
			name = Debug;
		};
		F3A0BFA52094181600D821E9 /* Release */ = {
			isa = XCBuildConfiguration;
			buildSettings = {
				ALWAYS_EMBED_SWIFT_STANDARD_LIBRARIES = YES;
				CODE_SIGN_STYLE = Automatic;
				INFOPLIST_FILE = AbsoluteDateTests/Info.plist;
				LD_RUNPATH_SEARCH_PATHS = (
					"$(inherited)",
					"@executable_path/Frameworks",
					"@loader_path/Frameworks",
				);
				PRODUCT_BUNDLE_IDENTIFIER = com.prosumma.AbsoluteDateTests;
				PRODUCT_NAME = AbsoluteDateTests;
				SWIFT_VERSION = 4.0;
				TARGETED_DEVICE_FAMILY = "1,2";
			};
			name = Release;
		};
/* End XCBuildConfiguration section */

/* Begin XCConfigurationList section */
		F3352A232094AC65000D0A9B /* Build configuration list for PBXNativeTarget "AbsoluteDate macOS" */ = {
			isa = XCConfigurationList;
			buildConfigurations = (
				F3352A242094AC65000D0A9B /* Debug */,
				F3352A252094AC65000D0A9B /* Release */,
			);
			defaultConfigurationIsVisible = 0;
			defaultConfigurationName = Release;
		};
		F3352A262094AC65000D0A9B /* Build configuration list for PBXNativeTarget "AbsoluteDateTests macOS" */ = {
			isa = XCConfigurationList;
			buildConfigurations = (
				F3352A272094AC65000D0A9B /* Debug */,
				F3352A282094AC65000D0A9B /* Release */,
			);
			defaultConfigurationIsVisible = 0;
			defaultConfigurationName = Release;
		};
		F3352A442094AD57000D0A9B /* Build configuration list for PBXNativeTarget "AbsoluteDate tvOS" */ = {
			isa = XCConfigurationList;
			buildConfigurations = (
				F3352A452094AD57000D0A9B /* Debug */,
				F3352A462094AD57000D0A9B /* Release */,
			);
			defaultConfigurationIsVisible = 0;
			defaultConfigurationName = Release;
		};
		F3352A472094AD57000D0A9B /* Build configuration list for PBXNativeTarget "AbsoluteDateTests tvOS" */ = {
			isa = XCConfigurationList;
			buildConfigurations = (
				F3352A482094AD57000D0A9B /* Debug */,
				F3352A492094AD57000D0A9B /* Release */,
			);
			defaultConfigurationIsVisible = 0;
			defaultConfigurationName = Release;
		};
		F3352A562094ADCC000D0A9B /* Build configuration list for PBXNativeTarget "AbsoluteDate watchOS" */ = {
			isa = XCConfigurationList;
			buildConfigurations = (
				F3352A572094ADCC000D0A9B /* Debug */,
				F3352A582094ADCC000D0A9B /* Release */,
			);
			defaultConfigurationIsVisible = 0;
			defaultConfigurationName = Release;
		};
		F3A0BF862094181600D821E9 /* Build configuration list for PBXProject "AbsoluteDate" */ = {
			isa = XCConfigurationList;
			buildConfigurations = (
				F3A0BF9E2094181600D821E9 /* Debug */,
				F3A0BF9F2094181600D821E9 /* Release */,
			);
			defaultConfigurationIsVisible = 0;
			defaultConfigurationName = Release;
		};
		F3A0BFA02094181600D821E9 /* Build configuration list for PBXNativeTarget "AbsoluteDate iOS" */ = {
			isa = XCConfigurationList;
			buildConfigurations = (
				F3A0BFA12094181600D821E9 /* Debug */,
				F3A0BFA22094181600D821E9 /* Release */,
			);
			defaultConfigurationIsVisible = 0;
			defaultConfigurationName = Release;
		};
		F3A0BFA32094181600D821E9 /* Build configuration list for PBXNativeTarget "AbsoluteDateTests iOS" */ = {
			isa = XCConfigurationList;
			buildConfigurations = (
				F3A0BFA42094181600D821E9 /* Debug */,
				F3A0BFA52094181600D821E9 /* Release */,
			);
			defaultConfigurationIsVisible = 0;
			defaultConfigurationName = Release;
		};
/* End XCConfigurationList section */
	};
	rootObject = F3A0BF832094181600D821E9 /* Project object */;
}
